
Microsoft Visual Studio Solution File, Format Version 12.00
# Visual Studio Version 17
VisualStudioVersion = 17.6.33829.357
MinimumVisualStudioVersion = 10.0.40219.1
Project("{FAE04EC0-301F-11D3-BF4B-00C04F79EFBC}") = "Ejercicio 1", "Ejercicio 1.csproj", "{65819C43-0F87-480B-9A11-0F1FF0B25A48}"
EndProject
Global
	GlobalSection(SolutionConfigurationPlatforms) = preSolution
		Debug|Any CPU = Debug|Any CPU
		Release|Any CPU = Release|Any CPU
	EndGlobalSection
	GlobalSection(ProjectConfigurationPlatforms) = postSolution
		{65819C43-0F87-480B-9A11-0F1FF0B25A48}.Debug|Any CPU.ActiveCfg = Debug|Any CPU
		{65819C43-0F87-480B-9A11-0F1FF0B25A48}.Debug|Any CPU.Build.0 = Debug|Any CPU
		{65819C43-0F87-480B-9A11-0F1FF0B25A48}.Release|Any CPU.ActiveCfg = Release|Any CPU
		{65819C43-0F87-480B-9A11-0F1FF0B25A48}.Release|Any CPU.Build.0 = Release|Any CPU
	EndGlobalSection
	GlobalSection(SolutionProperties) = preSolution
		HideSolutionNode = FALSE
	EndGlobalSection
	GlobalSection(ExtensibilityGlobals) = postSolution
		SolutionGuid = {D6B072FC-456E-4463-9821-7ECB90F6B823}
	EndGlobalSection
EndGlobal
